{
  "name": "node-child-process",
  "version": "1.0.0",
  "lockfileVersion": 2,
  "requires": true,
  "packages": {
    "": {
      "name": "node-child-process",
      "version": "1.0.0",
      "license": "ISC",
      "devDependencies": {},
      "engines": {
        "node": ">= 16.14.0",
        "npm": ">= 8.3.1"
      }
    }
  }
}
